schema: '2.0'
stages:
  generate:
    cmd: python -m src.data.generate
    deps:
    - path: configs/config.yaml
      hash: md5
      md5: 2b9dfc0dee72035dcdeab53a9e7f663b
      size: 1064
    - path: src/data/generate.py
      hash: md5
      md5: 63b1d038cdb1d69ab14916c00f39625f
      size: 1765
    outs:
    - path: data/raw/synthetic_data.csv
      hash: md5
      md5: 1a6b3267b0d759654793739a337ce920
      size: 1597239
  preprocess:
    cmd: python -m src.data.preprocess
    deps:
    - path: configs/config.yaml
      hash: md5
      md5: 2b9dfc0dee72035dcdeab53a9e7f663b
      size: 1064
    - path: data/raw/synthetic_data.csv
      hash: md5
      md5: 1a6b3267b0d759654793739a337ce920
      size: 1597239
    - path: src/data/preprocess.py
      hash: md5
      md5: f7d49e22f06b4b5ca4d24b16f1bec939
      size: 2028
    outs:
    - path: data/processed/test.csv
      hash: md5
      md5: af0267988700c48cb9ac74c9e8320eed
      size: 474198
    - path: data/processed/train.csv
      hash: md5
      md5: 4322eba894a63252541048ac81e49dd3
      size: 1106473
  train:
    cmd: python -m src.model.train
    deps:
    - path: configs/config.yaml
      hash: md5
      md5: 2b9dfc0dee72035dcdeab53a9e7f663b
      size: 1064
    - path: data/processed/train.csv
      hash: md5
      md5: 4322eba894a63252541048ac81e49dd3
      size: 1106473
    - path: src/model/train.py
      hash: md5
      md5: a24fd91ec32542dcecfff4fa66fb32fe
      size: 4143
    outs:
    - path: metrics/metrics.json
      hash: md5
      md5: 5ed5d64e52d9fd5207a96d6d3f80280f
      size: 196
    - path: models/model.joblib
      hash: md5
      md5: dd4d067674b858395c6ce8759c94b095
      size: 187177
  evaluate:
    cmd: python -m src.model.evaluate
    deps:
    - path: data/processed/test.csv
      hash: md5
      md5: af0267988700c48cb9ac74c9e8320eed
      size: 474198
    - path: metrics/metrics.json
      hash: md5
      md5: 526ef681b76f53071bbeb04ad10ff144
      size: 321
    - path: models/model.joblib
      hash: md5
      md5: dd4d067674b858395c6ce8759c94b095
      size: 187177
    - path: src/model/evaluate.py
      hash: md5
      md5: ac48d6c1cd6f8b85426b2785a52cc633
      size: 3215
    outs:
    - path: metrics/classification_report.txt
      hash: md5
      md5: c3f37c39694bf752834f87cabe7e9fb8
      size: 326
    - path: metrics/confusion_matrix.txt
      hash: md5
      md5: 1bb5b3984881a68dab5187821ada871a
      size: 26
